
Microsoft Visual Studio Solution File, Format Version 12.00
# Visual Studio Version 16
VisualStudioVersion = 16.0.31424.327
MinimumVisualStudioVersion = 10.0.40219.1
Project("{FAE04EC0-301F-11D3-BF4B-00C04F79EFBC}") = "LinkHubUI", "LinkHubUI\LinkHubUI.csproj", "{CA1F210C-6FB0-4910-8099-B4BA1CF4D135}"
EndProject
Global
	GlobalSection(SolutionConfigurationPlatforms) = preSolution
		Debug|Any CPU = Debug|Any CPU
		Release|Any CPU = Release|Any CPU
	EndGlobalSection
	GlobalSection(ProjectConfigurationPlatforms) = postSolution
		{CA1F210C-6FB0-4910-8099-B4BA1CF4D135}.Debug|Any CPU.ActiveCfg = Debug|Any CPU
		{CA1F210C-6FB0-4910-8099-B4BA1CF4D135}.Debug|Any CPU.Build.0 = Debug|Any CPU
		{CA1F210C-6FB0-4910-8099-B4BA1CF4D135}.Release|Any CPU.ActiveCfg = Release|Any CPU
		{CA1F210C-6FB0-4910-8099-B4BA1CF4D135}.Release|Any CPU.Build.0 = Release|Any CPU
	EndGlobalSection
	GlobalSection(SolutionProperties) = preSolution
		HideSolutionNode = FALSE
	EndGlobalSection
	GlobalSection(ExtensibilityGlobals) = postSolution
		SolutionGuid = {09581243-6CB8-4914-ACED-604EA2AA385C}
	EndGlobalSection
EndGlobal
